// !$*UTF8*$!
{
	archiveVersion = 1;
	classes = {
	};
	objectVersion = 50;
	objects = {

/* Begin PBXBuildFile section */
		EDAA35E722F5C81E00E0D8A9 /* BPCEWrapperAPI.framework in Frameworks */ = {isa = PBXBuildFile; fileRef = EDAA35DD22F5C81E00E0D8A9 /* BPCEWrapperAPI.framework */; };
		EDAA35EC22F5C81E00E0D8A9 /* BPCEWrapperAPITests.swift in Sources */ = {isa = PBXBuildFile; fileRef = EDAA35EB22F5C81E00E0D8A9 /* BPCEWrapperAPITests.swift */; };
		EDAA35EE22F5C81E00E0D8A9 /* BPCEWrapperAPI.h in Headers */ = {isa = PBXBuildFile; fileRef = EDAA35E022F5C81E00E0D8A9 /* BPCEWrapperAPI.h */; settings = {ATTRIBUTES = (Public, ); }; };
/* End PBXBuildFile section */

/* Begin PBXContainerItemProxy section */
		EDAA35E822F5C81E00E0D8A9 /* PBXContainerItemProxy */ = {
			isa = PBXContainerItemProxy;
			containerPortal = EDAA35D422F5C81E00E0D8A9 /* Project object */;
			proxyType = 1;
			remoteGlobalIDString = EDAA35DC22F5C81E00E0D8A9;
			remoteInfo = BPCEWrapperAPI;
		};
/* End PBXContainerItemProxy section */

/* Begin PBXFileReference section */
		EDAA35DD22F5C81E00E0D8A9 /* BPCEWrapperAPI.framework */ = {isa = PBXFileReference; explicitFileType = wrapper.framework; includeInIndex = 0; path = BPCEWrapperAPI.framework; sourceTree = BUILT_PRODUCTS_DIR; };
		EDAA35E022F5C81E00E0D8A9 /* BPCEWrapperAPI.h */ = {isa = PBXFileReference; lastKnownFileType = sourcecode.c.h; path = BPCEWrapperAPI.h; sourceTree = "<group>"; };
		EDAA35E122F5C81E00E0D8A9 /* Info.plist */ = {isa = PBXFileReference; lastKnownFileType = text.plist.xml; path = Info.plist; sourceTree = "<group>"; };
		EDAA35E622F5C81E00E0D8A9 /* BPCEWrapperAPITests.xctest */ = {isa = PBXFileReference; explicitFileType = wrapper.cfbundle; includeInIndex = 0; path = BPCEWrapperAPITests.xctest; sourceTree = BUILT_PRODUCTS_DIR; };
		EDAA35EB22F5C81E00E0D8A9 /* BPCEWrapperAPITests.swift */ = {isa = PBXFileReference; lastKnownFileType = sourcecode.swift; path = BPCEWrapperAPITests.swift; sourceTree = "<group>"; };
		EDAA35ED22F5C81E00E0D8A9 /* Info.plist */ = {isa = PBXFileReference; lastKnownFileType = text.plist.xml; path = Info.plist; sourceTree = "<group>"; };
/* End PBXFileReference section */

/* Begin PBXFrameworksBuildPhase section */
		EDAA35DA22F5C81E00E0D8A9 /* Frameworks */ = {
			isa = PBXFrameworksBuildPhase;
			buildActionMask = 2147483647;
			files = (
			);
			runOnlyForDeploymentPostprocessing = 0;
		};
		EDAA35E322F5C81E00E0D8A9 /* Frameworks */ = {
			isa = PBXFrameworksBuildPhase;
			buildActionMask = 2147483647;
			files = (
				EDAA35E722F5C81E00E0D8A9 /* BPCEWrapperAPI.framework in Frameworks */,
			);
			runOnlyForDeploymentPostprocessing = 0;
		};
/* End PBXFrameworksBuildPhase section */

/* Begin PBXGroup section */
		EDAA35D322F5C81E00E0D8A9 = {
			isa = PBXGroup;
			children = (
				EDAA35DF22F5C81E00E0D8A9 /* BPCEWrapperAPI */,
				EDAA35EA22F5C81E00E0D8A9 /* BPCEWrapperAPITests */,
				EDAA35DE22F5C81E00E0D8A9 /* Products */,
			);
			sourceTree = "<group>";
		};
		EDAA35DE22F5C81E00E0D8A9 /* Products */ = {
			isa = PBXGroup;
			children = (
				EDAA35DD22F5C81E00E0D8A9 /* BPCEWrapperAPI.framework */,
				EDAA35E622F5C81E00E0D8A9 /* BPCEWrapperAPITests.xctest */,
			);
			name = Products;
			sourceTree = "<group>";
		};
		EDAA35DF22F5C81E00E0D8A9 /* BPCEWrapperAPI */ = {
			isa = PBXGroup;
			children = (
				EDAA35E022F5C81E00E0D8A9 /* BPCEWrapperAPI.h */,
				EDAA35E122F5C81E00E0D8A9 /* Info.plist */,
			);
			path = BPCEWrapperAPI;
			sourceTree = "<group>";
		};
		EDAA35EA22F5C81E00E0D8A9 /* BPCEWrapperAPITests */ = {
			isa = PBXGroup;
			children = (
				EDAA35EB22F5C81E00E0D8A9 /* BPCEWrapperAPITests.swift */,
				EDAA35ED22F5C81E00E0D8A9 /* Info.plist */,
			);
			path = BPCEWrapperAPITests;
			sourceTree = "<group>";
		};
/* End PBXGroup section */

/* Begin PBXHeadersBuildPhase section */
		EDAA35D822F5C81E00E0D8A9 /* Headers */ = {
			isa = PBXHeadersBuildPhase;
			buildActionMask = 2147483647;
			files = (
				EDAA35EE22F5C81E00E0D8A9 /* BPCEWrapperAPI.h in Headers */,
			);
			runOnlyForDeploymentPostprocessing = 0;
		};
/* End PBXHeadersBuildPhase section */

/* Begin PBXNativeTarget section */
		EDAA35DC22F5C81E00E0D8A9 /* BPCEWrapperAPI */ = {
			isa = PBXNativeTarget;
			buildConfigurationList = EDAA35F122F5C81E00E0D8A9 /* Build configuration list for PBXNativeTarget "BPCEWrapperAPI" */;
			buildPhases = (
				EDAA35D822F5C81E00E0D8A9 /* Headers */,
				EDAA35D922F5C81E00E0D8A9 /* Sources */,
				EDAA35DA22F5C81E00E0D8A9 /* Frameworks */,
				EDAA35DB22F5C81E00E0D8A9 /* Resources */,
			);
			buildRules = (
			);
			dependencies = (
			);
			name = BPCEWrapperAPI;
			productName = BPCEWrapperAPI;
			productReference = EDAA35DD22F5C81E00E0D8A9 /* BPCEWrapperAPI.framework */;
			productType = "com.apple.product-type.framework";
		};
		EDAA35E522F5C81E00E0D8A9 /* BPCEWrapperAPITests */ = {
			isa = PBXNativeTarget;
			buildConfigurationList = EDAA35F422F5C81E00E0D8A9 /* Build configuration list for PBXNativeTarget "BPCEWrapperAPITests" */;
			buildPhases = (
				EDAA35E222F5C81E00E0D8A9 /* Sources */,
				EDAA35E322F5C81E00E0D8A9 /* Frameworks */,
				EDAA35E422F5C81E00E0D8A9 /* Resources */,
			);
			buildRules = (
			);
			dependencies = (
				EDAA35E922F5C81E00E0D8A9 /* PBXTargetDependency */,
			);
			name = BPCEWrapperAPITests;
			productName = BPCEWrapperAPITests;
			productReference = EDAA35E622F5C81E00E0D8A9 /* BPCEWrapperAPITests.xctest */;
			productType = "com.apple.product-type.bundle.unit-test";
		};
/* End PBXNativeTarget section */

/* Begin PBXProject section */
		EDAA35D422F5C81E00E0D8A9 /* Project object */ = {
			isa = PBXProject;
			attributes = {
				LastSwiftUpdateCheck = 1100;
				LastUpgradeCheck = 1100;
				ORGANIZATIONNAME = "Marcus Florentin";
				TargetAttributes = {
					EDAA35DC22F5C81E00E0D8A9 = {
						CreatedOnToolsVersion = 11.0;
					};
					EDAA35E522F5C81E00E0D8A9 = {
						CreatedOnToolsVersion = 11.0;
					};
				};
			};
			buildConfigurationList = EDAA35D722F5C81E00E0D8A9 /* Build configuration list for PBXProject "BPCEWrapperAPI" */;
			compatibilityVersion = "Xcode 9.3";
			developmentRegion = en;
			hasScannedForEncodings = 0;
			knownRegions = (
				en,
				Base,
			);
			mainGroup = EDAA35D322F5C81E00E0D8A9;
			productRefGroup = EDAA35DE22F5C81E00E0D8A9 /* Products */;
			projectDirPath = "";
			projectRoot = "";
			targets = (
				EDAA35DC22F5C81E00E0D8A9 /* BPCEWrapperAPI */,
				EDAA35E522F5C81E00E0D8A9 /* BPCEWrapperAPITests */,
			);
		};
/* End PBXProject section */

/* Begin PBXResourcesBuildPhase section */
		EDAA35DB22F5C81E00E0D8A9 /* Resources */ = {
			isa = PBXResourcesBuildPhase;
			buildActionMask = 2147483647;
			files = (
			);
			runOnlyForDeploymentPostprocessing = 0;
		};
		EDAA35E422F5C81E00E0D8A9 /* Resources */ = {
			isa = PBXResourcesBuildPhase;
			buildActionMask = 2147483647;
			files = (
			);
			runOnlyForDeploymentPostprocessing = 0;
		};
/* End PBXResourcesBuildPhase section */

/* Begin PBXSourcesBuildPhase section */
		EDAA35D922F5C81E00E0D8A9 /* Sources */ = {
			isa = PBXSourcesBuildPhase;
			buildActionMask = 2147483647;
			files = (
			);
			runOnlyForDeploymentPostprocessing = 0;
		};
		EDAA35E222F5C81E00E0D8A9 /* Sources */ = {
			isa = PBXSourcesBuildPhase;
			buildActionMask = 2147483647;
			files = (
				EDAA35EC22F5C81E00E0D8A9 /* BPCEWrapperAPITests.swift in Sources */,
			);
			runOnlyForDeploymentPostprocessing = 0;
		};
/* End PBXSourcesBuildPhase section */

/* Begin PBXTargetDependency section */
		EDAA35E922F5C81E00E0D8A9 /* PBXTargetDependency */ = {
			isa = PBXTargetDependency;
			target = EDAA35DC22F5C81E00E0D8A9 /* BPCEWrapperAPI */;
			targetProxy = EDAA35E822F5C81E00E0D8A9 /* PBXContainerItemProxy */;
		};
/* End PBXTargetDependency section */

/* Begin XCBuildConfiguration section */
		EDAA35EF22F5C81E00E0D8A9 /* Debug */ = {
			isa = XCBuildConfiguration;
			buildSettings = {
				ALWAYS_SEARCH_USER_PATHS = NO;
				CLANG_ANALYZER_NONNULL = YES;
				CLANG_ANALYZER_NUMBER_OBJECT_CONVERSION = YES_AGGRESSIVE;
				CLANG_CXX_LANGUAGE_STANDARD = "gnu++14";
				CLANG_CXX_LIBRARY = "libc++";
				CLANG_ENABLE_MODULES = YES;
				CLANG_ENABLE_OBJC_ARC = YES;
				CLANG_ENABLE_OBJC_WEAK = YES;
				CLANG_WARN_BLOCK_CAPTURE_AUTORELEASING = YES;
				CLANG_WARN_BOOL_CONVERSION = YES;
				CLANG_WARN_COMMA = YES;
				CLANG_WARN_CONSTANT_CONVERSION = YES;
				CLANG_WARN_DEPRECATED_OBJC_IMPLEMENTATIONS = YES;
				CLANG_WARN_DIRECT_OBJC_ISA_USAGE = YES_ERROR;
				CLANG_WARN_DOCUMENTATION_COMMENTS = YES;
				CLANG_WARN_EMPTY_BODY = YES;
				CLANG_WARN_ENUM_CONVERSION = YES;
				CLANG_WARN_INFINITE_RECURSION = YES;
				CLANG_WARN_INT_CONVERSION = YES;
				CLANG_WARN_NON_LITERAL_NULL_CONVERSION = YES;
				CLANG_WARN_OBJC_IMPLICIT_RETAIN_SELF = YES;
				CLANG_WARN_OBJC_LITERAL_CONVERSION = YES;
				CLANG_WARN_OBJC_ROOT_CLASS = YES_ERROR;
				CLANG_WARN_RANGE_LOOP_ANALYSIS = YES;
				CLANG_WARN_STRICT_PROTOTYPES = YES;
				CLANG_WARN_SUSPICIOUS_MOVE = YES;
				CLANG_WARN_UNGUARDED_AVAILABILITY = YES_AGGRESSIVE;
				CLANG_WARN_UNREACHABLE_CODE = YES;
				CLANG_WARN__DUPLICATE_METHOD_MATCH = YES;
				COPY_PHASE_STRIP = NO;
				CURRENT_PROJECT_VERSION = 1;
				DEBUG_INFORMATION_FORMAT = dwarf;
				ENABLE_STRICT_OBJC_MSGSEND = YES;
				ENABLE_TESTABILITY = YES;
				GCC_C_LANGUAGE_STANDARD = gnu11;
				GCC_DYNAMIC_NO_PIC = NO;
				GCC_NO_COMMON_BLOCKS = YES;
				GCC_OPTIMIZATION_LEVEL = 0;
				GCC_PREPROCESSOR_DEFINITIONS = (
					"DEBUG=1",
					"$(inherited)",
				);
				GCC_WARN_64_TO_32_BIT_CONVERSION = YES;
				GCC_WARN_ABOUT_RETURN_TYPE = YES_ERROR;
				GCC_WARN_UNDECLARED_SELECTOR = YES;
				GCC_WARN_UNINITIALIZED_AUTOS = YES_AGGRESSIVE;
				GCC_WARN_UNUSED_FUNCTION = YES;
				GCC_WARN_UNUSED_VARIABLE = YES;
				IPHONEOS_DEPLOYMENT_TARGET = 13.0;
				MTL_ENABLE_DEBUG_INFO = INCLUDE_SOURCE;
				MTL_FAST_MATH = YES;
				ONLY_ACTIVE_ARCH = YES;
				SDKROOT = iphoneos;
				SWIFT_ACTIVE_COMPILATION_CONDITIONS = DEBUG;
				SWIFT_OPTIMIZATION_LEVEL = "-Onone";
				VERSIONING_SYSTEM = "apple-generic";
				VERSION_INFO_PREFIX = "";
			};
			name = Debug;
		};
		EDAA35F022F5C81E00E0D8A9 /* Release */ = {
			isa = XCBuildConfiguration;
			buildSettings = {
				ALWAYS_SEARCH_USER_PATHS = NO;
				CLANG_ANALYZER_NONNULL = YES;
				CLANG_ANALYZER_NUMBER_OBJECT_CONVERSION = YES_AGGRESSIVE;
				CLANG_CXX_LANGUAGE_STANDARD = "gnu++14";
				CLANG_CXX_LIBRARY = "libc++";
				CLANG_ENABLE_MODULES = YES;
				CLANG_ENABLE_OBJC_ARC = YES;
				CLANG_ENABLE_OBJC_WEAK = YES;
				CLANG_WARN_BLOCK_CAPTURE_AUTORELEASING = YES;
				CLANG_WARN_BOOL_CONVERSION = YES;
				CLANG_WARN_COMMA = YES;
				CLANG_WARN_CONSTANT_CONVERSION = YES;
				CLANG_WARN_DEPRECATED_OBJC_IMPLEMENTATIONS = YES;
				CLANG_WARN_DIRECT_OBJC_ISA_USAGE = YES_ERROR;
				CLANG_WARN_DOCUMENTATION_COMMENTS = YES;
				CLANG_WARN_EMPTY_BODY = YES;
				CLANG_WARN_ENUM_CONVERSION = YES;
				CLANG_WARN_INFINITE_RECURSION = YES;
				CLANG_WARN_INT_CONVERSION = YES;
				CLANG_WARN_NON_LITERAL_NULL_CONVERSION = YES;
				CLANG_WARN_OBJC_IMPLICIT_RETAIN_SELF = YES;
				CLANG_WARN_OBJC_LITERAL_CONVERSION = YES;
				CLANG_WARN_OBJC_ROOT_CLASS = YES_ERROR;
				CLANG_WARN_RANGE_LOOP_ANALYSIS = YES;
				CLANG_WARN_STRICT_PROTOTYPES = YES;
				CLANG_WARN_SUSPICIOUS_MOVE = YES;
				CLANG_WARN_UNGUARDED_AVAILABILITY = YES_AGGRESSIVE;
				CLANG_WARN_UNREACHABLE_CODE = YES;
				CLANG_WARN__DUPLICATE_METHOD_MATCH = YES;
				COPY_PHASE_STRIP = NO;
				CURRENT_PROJECT_VERSION = 1;
				DEBUG_INFORMATION_FORMAT = "dwarf-with-dsym";
				ENABLE_NS_ASSERTIONS = NO;
				ENABLE_STRICT_OBJC_MSGSEND = YES;
				GCC_C_LANGUAGE_STANDARD = gnu11;
				GCC_NO_COMMON_BLOCKS = YES;
				GCC_WARN_64_TO_32_BIT_CONVERSION = YES;
				GCC_WARN_ABOUT_RETURN_TYPE = YES_ERROR;
				GCC_WARN_UNDECLARED_SELECTOR = YES;
				GCC_WARN_UNINITIALIZED_AUTOS = YES_AGGRESSIVE;
				GCC_WARN_UNUSED_FUNCTION = YES;
				GCC_WARN_UNUSED_VARIABLE = YES;
				IPHONEOS_DEPLOYMENT_TARGET = 13.0;
				MTL_ENABLE_DEBUG_INFO = NO;
				MTL_FAST_MATH = YES;
				SDKROOT = iphoneos;
				SWIFT_COMPILATION_MODE = wholemodule;
				SWIFT_OPTIMIZATION_LEVEL = "-O";
				VALIDATE_PRODUCT = YES;
				VERSIONING_SYSTEM = "apple-generic";
				VERSION_INFO_PREFIX = "";
			};
			name = Release;
		};
		EDAA35F222F5C81E00E0D8A9 /* Debug */ = {
			isa = XCBuildConfiguration;
			buildSettings = {
				CODE_SIGN_STYLE = Automatic;
				DEFINES_MODULE = YES;
				DEVELOPMENT_TEAM = Z8Q82L44LS;
				DYLIB_COMPATIBILITY_VERSION = 1;
				DYLIB_CURRENT_VERSION = 1;
				DYLIB_INSTALL_NAME_BASE = "@rpath";
				INFOPLIST_FILE = BPCEWrapperAPI/Info.plist;
				INSTALL_PATH = "$(LOCAL_LIBRARY_DIR)/Frameworks";
				LD_RUNPATH_SEARCH_PATHS = (
					"$(inherited)",
					"@executable_path/Frameworks",
					"@loader_path/Frameworks",
				);
				PRODUCT_BUNDLE_IDENTIFIER = "black.sombre-osmoze.BPCEWrapperAPI";
				PRODUCT_NAME = "$(TARGET_NAME:c99extidentifier)";
				SKIP_INSTALL = YES;
				SWIFT_VERSION = 5.0;
				TARGETED_DEVICE_FAMILY = "1,2";
			};
			name = Debug;
		};
		EDAA35F322F5C81E00E0D8A9 /* Release */ = {
			isa = XCBuildConfiguration;
			buildSettings = {
				CODE_SIGN_STYLE = Automatic;
				DEFINES_MODULE = YES;
				DEVELOPMENT_TEAM = Z8Q82L44LS;
				DYLIB_COMPATIBILITY_VERSION = 1;
				DYLIB_CURRENT_VERSION = 1;
				DYLIB_INSTALL_NAME_BASE = "@rpath";
				INFOPLIST_FILE = BPCEWrapperAPI/Info.plist;
				INSTALL_PATH = "$(LOCAL_LIBRARY_DIR)/Frameworks";
				LD_RUNPATH_SEARCH_PATHS = (
					"$(inherited)",
					"@executable_path/Frameworks",
					"@loader_path/Frameworks",
				);
				PRODUCT_BUNDLE_IDENTIFIER = "black.sombre-osmoze.BPCEWrapperAPI";
				PRODUCT_NAME = "$(TARGET_NAME:c99extidentifier)";
				SKIP_INSTALL = YES;
				SWIFT_VERSION = 5.0;
				TARGETED_DEVICE_FAMILY = "1,2";
			};
			name = Release;
		};
		EDAA35F522F5C81E00E0D8A9 /* Debug */ = {
			isa = XCBuildConfiguration;
			buildSettings = {
				CODE_SIGN_STYLE = Automatic;
				DEVELOPMENT_TEAM = Z8Q82L44LS;
				INFOPLIST_FILE = BPCEWrapperAPITests/Info.plist;
				LD_RUNPATH_SEARCH_PATHS = (
					"$(inherited)",
					"@executable_path/Frameworks",
					"@loader_path/Frameworks",
				);
				PRODUCT_BUNDLE_IDENTIFIER = "black.sombre-osmoze.BPCEWrapperAPITests";
				PRODUCT_NAME = "$(TARGET_NAME)";
				SWIFT_VERSION = 5.0;
				TARGETED_DEVICE_FAMILY = "1,2";
			};
			name = Debug;
		};
		EDAA35F622F5C81E00E0D8A9 /* Release */ = {
			isa = XCBuildConfiguration;
			buildSettings = {
				CODE_SIGN_STYLE = Automatic;
				DEVELOPMENT_TEAM = Z8Q82L44LS;
				INFOPLIST_FILE = BPCEWrapperAPITests/Info.plist;
				LD_RUNPATH_SEARCH_PATHS = (
					"$(inherited)",
					"@executable_path/Frameworks",
					"@loader_path/Frameworks",
				);
				PRODUCT_BUNDLE_IDENTIFIER = "black.sombre-osmoze.BPCEWrapperAPITests";
				PRODUCT_NAME = "$(TARGET_NAME)";
				SWIFT_VERSION = 5.0;
				TARGETED_DEVICE_FAMILY = "1,2";
			};
			name = Release;
		};
/* End XCBuildConfiguration section */

/* Begin XCConfigurationList section */
		EDAA35D722F5C81E00E0D8A9 /* Build configuration list for PBXProject "BPCEWrapperAPI" */ = {
			isa = XCConfigurationList;
			buildConfigurations = (
				EDAA35EF22F5C81E00E0D8A9 /* Debug */,
				EDAA35F022F5C81E00E0D8A9 /* Release */,
			);
			defaultConfigurationIsVisible = 0;
			defaultConfigurationName = Release;
		};
		EDAA35F122F5C81E00E0D8A9 /* Build configuration list for PBXNativeTarget "BPCEWrapperAPI" */ = {
			isa = XCConfigurationList;
			buildConfigurations = (
				EDAA35F222F5C81E00E0D8A9 /* Debug */,
				EDAA35F322F5C81E00E0D8A9 /* Release */,
			);
			defaultConfigurationIsVisible = 0;
			defaultConfigurationName = Release;
		};
		EDAA35F422F5C81E00E0D8A9 /* Build configuration list for PBXNativeTarget "BPCEWrapperAPITests" */ = {
			isa = XCConfigurationList;
			buildConfigurations = (
				EDAA35F522F5C81E00E0D8A9 /* Debug */,
				EDAA35F622F5C81E00E0D8A9 /* Release */,
			);
			defaultConfigurationIsVisible = 0;
			defaultConfigurationName = Release;
		};
/* End XCConfigurationList section */
	};
	rootObject = EDAA35D422F5C81E00E0D8A9 /* Project object */;
}
